// !$*UTF8*$!
{
	archiveVersion = 1;
	classes = {
	};
	objectVersion = 50;
	objects = {

/* Begin PBXBuildFile section */
		1386EA4C20A8256500A8646A /* AppDelegate.m in Sources */ = {isa = PBXBuildFile; fileRef = 1386EA4B20A8256500A8646A /* AppDelegate.m */; };
		1386EA4F20A8256500A8646A /* ViewController.m in Sources */ = {isa = PBXBuildFile; fileRef = 1386EA4E20A8256500A8646A /* ViewController.m */; };
		1386EA5220A8256500A8646A /* Main.storyboard in Resources */ = {isa = PBXBuildFile; fileRef = 1386EA5020A8256500A8646A /* Main.storyboard */; };
		1386EA5420A8256700A8646A /* Assets.xcassets in Resources */ = {isa = PBXBuildFile; fileRef = 1386EA5320A8256700A8646A /* Assets.xcassets */; };
		1386EA5720A8256700A8646A /* LaunchScreen.storyboard in Resources */ = {isa = PBXBuildFile; fileRef = 1386EA5520A8256700A8646A /* LaunchScreen.storyboard */; };
		1386EA5A20A8256700A8646A /* main.m in Sources */ = {isa = PBXBuildFile; fileRef = 1386EA5920A8256700A8646A /* main.m */; };
/* End PBXBuildFile section */

/* Begin PBXFileReference section */
		1386EA4720A8256500A8646A /* iOS_exercise11_1_quiz.app */ = {isa = PBXFileReference; explicitFileType = wrapper.application; includeInIndex = 0; path = iOS_exercise11_1_quiz.app; sourceTree = BUILT_PRODUCTS_DIR; };
		1386EA4A20A8256500A8646A /* AppDelegate.h */ = {isa = PBXFileReference; lastKnownFileType = sourcecode.c.h; path = AppDelegate.h; sourceTree = "<group>"; };
		1386EA4B20A8256500A8646A /* AppDelegate.m */ = {isa = PBXFileReference; lastKnownFileType = sourcecode.c.objc; path = AppDelegate.m; sourceTree = "<group>"; };
		1386EA4D20A8256500A8646A /* ViewController.h */ = {isa = PBXFileReference; lastKnownFileType = sourcecode.c.h; path = ViewController.h; sourceTree = "<group>"; };
		1386EA4E20A8256500A8646A /* ViewController.m */ = {isa = PBXFileReference; lastKnownFileType = sourcecode.c.objc; path = ViewController.m; sourceTree = "<group>"; };
		1386EA5120A8256500A8646A /* Base */ = {isa = PBXFileReference; lastKnownFileType = file.storyboard; name = Base; path = Base.lproj/Main.storyboard; sourceTree = "<group>"; };
		1386EA5320A8256700A8646A /* Assets.xcassets */ = {isa = PBXFileReference; lastKnownFileType = folder.assetcatalog; path = Assets.xcassets; sourceTree = "<group>"; };
		1386EA5620A8256700A8646A /* Base */ = {isa = PBXFileReference; lastKnownFileType = file.storyboard; name = Base; path = Base.lproj/LaunchScreen.storyboard; sourceTree = "<group>"; };
		1386EA5820A8256700A8646A /* Info.plist */ = {isa = PBXFileReference; lastKnownFileType = text.plist.xml; path = Info.plist; sourceTree = "<group>"; };
		1386EA5920A8256700A8646A /* main.m */ = {isa = PBXFileReference; lastKnownFileType = sourcecode.c.objc; path = main.m; sourceTree = "<group>"; };
/* End PBXFileReference section */

/* Begin PBXFrameworksBuildPhase section */
		1386EA4420A8256500A8646A /* Frameworks */ = {
			isa = PBXFrameworksBuildPhase;
			buildActionMask = 2147483647;
			files = (
			);
			runOnlyForDeploymentPostprocessing = 0;
		};
/* End PBXFrameworksBuildPhase section */

/* Begin PBXGroup section */
		1386EA3E20A8256500A8646A = {
			isa = PBXGroup;
			children = (
				1386EA4920A8256500A8646A /* iOS_exercise11_1_quiz */,
				1386EA4820A8256500A8646A /* Products */,
			);
			sourceTree = "<group>";
		};
		1386EA4820A8256500A8646A /* Products */ = {
			isa = PBXGroup;
			children = (
				1386EA4720A8256500A8646A /* iOS_exercise11_1_quiz.app */,
			);
			name = Products;
			sourceTree = "<group>";
		};
		1386EA4920A8256500A8646A /* iOS_exercise11_1_quiz */ = {
			isa = PBXGroup;
			children = (
				1386EA4A20A8256500A8646A /* AppDelegate.h */,
				1386EA4B20A8256500A8646A /* AppDelegate.m */,
				1386EA4D20A8256500A8646A /* ViewController.h */,
				1386EA4E20A8256500A8646A /* ViewController.m */,
				1386EA5020A8256500A8646A /* Main.storyboard */,
				1386EA5320A8256700A8646A /* Assets.xcassets */,
				1386EA5520A8256700A8646A /* LaunchScreen.storyboard */,
				1386EA5820A8256700A8646A /* Info.plist */,
				1386EA5920A8256700A8646A /* main.m */,
			);
			path = iOS_exercise11_1_quiz;
			sourceTree = "<group>";
		};
/* End PBXGroup section */

/* Begin PBXNativeTarget section */
		1386EA4620A8256500A8646A /* iOS_exercise11_1_quiz */ = {
			isa = PBXNativeTarget;
			buildConfigurationList = 1386EA5D20A8256700A8646A /* Build configuration list for PBXNativeTarget "iOS_exercise11_1_quiz" */;
			buildPhases = (
				1386EA4320A8256500A8646A /* Sources */,
				1386EA4420A8256500A8646A /* Frameworks */,
				1386EA4520A8256500A8646A /* Resources */,
			);
			buildRules = (
			);
			dependencies = (
			);
			name = iOS_exercise11_1_quiz;
			productName = iOS_exercise11_1_quiz;
			productReference = 1386EA4720A8256500A8646A /* iOS_exercise11_1_quiz.app */;
			productType = "com.apple.product-type.application";
		};
/* End PBXNativeTarget section */

/* Begin PBXProject section */
		1386EA3F20A8256500A8646A /* Project object */ = {
			isa = PBXProject;
			attributes = {
				LastUpgradeCheck = 0930;
				ORGANIZATIONNAME = jamesyeh;
				TargetAttributes = {
					1386EA4620A8256500A8646A = {
						CreatedOnToolsVersion = 9.3;
					};
				};
			};
			buildConfigurationList = 1386EA4220A8256500A8646A /* Build configuration list for PBXProject "iOS_exercise11_1_quiz" */;
			compatibilityVersion = "Xcode 9.3";
			developmentRegion = en;
			hasScannedForEncodings = 0;
			knownRegions = (
				en,
				Base,
			);
			mainGroup = 1386EA3E20A8256500A8646A;
			productRefGroup = 1386EA4820A8256500A8646A /* Products */;
			projectDirPath = "";
			projectRoot = "";
			targets = (
				1386EA4620A8256500A8646A /* iOS_exercise11_1_quiz */,
			);
		};
/* End PBXProject section */

/* Begin PBXResourcesBuildPhase section */
		1386EA4520A8256500A8646A /* Resources */ = {
			isa = PBXResourcesBuildPhase;
			buildActionMask = 2147483647;
			files = (
				1386EA5720A8256700A8646A /* LaunchScreen.storyboard in Resources */,
				1386EA5420A8256700A8646A /* Assets.xcassets in Resources */,
				1386EA5220A8256500A8646A /* Main.storyboard in Resources */,
			);
			runOnlyForDeploymentPostprocessing = 0;
		};
/* End PBXResourcesBuildPhase section */

/* Begin PBXSourcesBuildPhase section */
		1386EA4320A8256500A8646A /* Sources */ = {
			isa = PBXSourcesBuildPhase;
			buildActionMask = 2147483647;
			files = (
				1386EA4F20A8256500A8646A /* ViewController.m in Sources */,
				1386EA5A20A8256700A8646A /* main.m in Sources */,
				1386EA4C20A8256500A8646A /* AppDelegate.m in Sources */,
			);
			runOnlyForDeploymentPostprocessing = 0;
		};
/* End PBXSourcesBuildPhase section */

/* Begin PBXVariantGroup section */
		1386EA5020A8256500A8646A /* Main.storyboard */ = {
			isa = PBXVariantGroup;
			children = (
				1386EA5120A8256500A8646A /* Base */,
			);
			name = Main.storyboard;
			sourceTree = "<group>";
		};
		1386EA5520A8256700A8646A /* LaunchScreen.storyboard */ = {
			isa = PBXVariantGroup;
			children = (
				1386EA5620A8256700A8646A /* Base */,
			);
			name = LaunchScreen.storyboard;
			sourceTree = "<group>";
		};
/* End PBXVariantGroup section */

/* Begin XCBuildConfiguration section */
		1386EA5B20A8256700A8646A /* Debug */ = {
			isa = XCBuildConfiguration;
			buildSettings = {
				ALWAYS_SEARCH_USER_PATHS = NO;
				CLANG_ANALYZER_NONNULL = YES;
				CLANG_ANALYZER_NUMBER_OBJECT_CONVERSION = YES_AGGRESSIVE;
				CLANG_CXX_LANGUAGE_STANDARD = "gnu++14";
				CLANG_CXX_LIBRARY = "libc++";
				CLANG_ENABLE_MODULES = YES;
				CLANG_ENABLE_OBJC_ARC = YES;
				CLANG_ENABLE_OBJC_WEAK = YES;
				CLANG_WARN_BLOCK_CAPTURE_AUTORELEASING = YES;
				CLANG_WARN_BOOL_CONVERSION = YES;
				CLANG_WARN_COMMA = YES;
				CLANG_WARN_CONSTANT_CONVERSION = YES;
				CLANG_WARN_DEPRECATED_OBJC_IMPLEMENTATIONS = YES;
				CLANG_WARN_DIRECT_OBJC_ISA_USAGE = YES_ERROR;
				CLANG_WARN_DOCUMENTATION_COMMENTS = YES;
				CLANG_WARN_EMPTY_BODY = YES;
				CLANG_WARN_ENUM_CONVERSION = YES;
				CLANG_WARN_INFINITE_RECURSION = YES;
				CLANG_WARN_INT_CONVERSION = YES;
				CLANG_WARN_NON_LITERAL_NULL_CONVERSION = YES;
				CLANG_WARN_OBJC_IMPLICIT_RETAIN_SELF = YES;
				CLANG_WARN_OBJC_LITERAL_CONVERSION = YES;
				CLANG_WARN_OBJC_ROOT_CLASS = YES_ERROR;
				CLANG_WARN_RANGE_LOOP_ANALYSIS = YES;
				CLANG_WARN_STRICT_PROTOTYPES = YES;
				CLANG_WARN_SUSPICIOUS_MOVE = YES;
				CLANG_WARN_UNGUARDED_AVAILABILITY = YES_AGGRESSIVE;
				CLANG_WARN_UNREACHABLE_CODE = YES;
				CLANG_WARN__DUPLICATE_METHOD_MATCH = YES;
				CODE_SIGN_IDENTITY = "iPhone Developer";
				COPY_PHASE_STRIP = NO;
				DEBUG_INFORMATION_FORMAT = dwarf;
				ENABLE_STRICT_OBJC_MSGSEND = YES;
				ENABLE_TESTABILITY = YES;
				GCC_C_LANGUAGE_STANDARD = gnu11;
				GCC_DYNAMIC_NO_PIC = NO;
				GCC_NO_COMMON_BLOCKS = YES;
				GCC_OPTIMIZATION_LEVEL = 0;
				GCC_PREPROCESSOR_DEFINITIONS = (
					"DEBUG=1",
					"$(inherited)",
				);
				GCC_WARN_64_TO_32_BIT_CONVERSION = YES;
				GCC_WARN_ABOUT_RETURN_TYPE = YES_ERROR;
				GCC_WARN_UNDECLARED_SELECTOR = YES;
				GCC_WARN_UNINITIALIZED_AUTOS = YES_AGGRESSIVE;
				GCC_WARN_UNUSED_FUNCTION = YES;
				GCC_WARN_UNUSED_VARIABLE = YES;
				IPHONEOS_DEPLOYMENT_TARGET = 11.3;
				MTL_ENABLE_DEBUG_INFO = YES;
				ONLY_ACTIVE_ARCH = YES;
				SDKROOT = iphoneos;
			};
			name = Debug;
		};
		1386EA5C20A8256700A8646A /* Release */ = {
			isa = XCBuildConfiguration;
			buildSettings = {
				ALWAYS_SEARCH_USER_PATHS = NO;
				CLANG_ANALYZER_NONNULL = YES;
				CLANG_ANALYZER_NUMBER_OBJECT_CONVERSION = YES_AGGRESSIVE;
				CLANG_CXX_LANGUAGE_STANDARD = "gnu++14";
				CLANG_CXX_LIBRARY = "libc++";
				CLANG_ENABLE_MODULES = YES;
				CLANG_ENABLE_OBJC_ARC = YES;
				CLANG_ENABLE_OBJC_WEAK = YES;
				CLANG_WARN_BLOCK_CAPTURE_AUTORELEASING = YES;
				CLANG_WARN_BOOL_CONVERSION = YES;
				CLANG_WARN_COMMA = YES;
				CLANG_WARN_CONSTANT_CONVERSION = YES;
				CLANG_WARN_DEPRECATED_OBJC_IMPLEMENTATIONS = YES;
				CLANG_WARN_DIRECT_OBJC_ISA_USAGE = YES_ERROR;
				CLANG_WARN_DOCUMENTATION_COMMENTS = YES;
				CLANG_WARN_EMPTY_BODY = YES;
				CLANG_WARN_ENUM_CONVERSION = YES;
				CLANG_WARN_INFINITE_RECURSION = YES;
				CLANG_WARN_INT_CONVERSION = YES;
				CLANG_WARN_NON_LITERAL_NULL_CONVERSION = YES;
				CLANG_WARN_OBJC_IMPLICIT_RETAIN_SELF = YES;
				CLANG_WARN_OBJC_LITERAL_CONVERSION = YES;
				CLANG_WARN_OBJC_ROOT_CLASS = YES_ERROR;
				CLANG_WARN_RANGE_LOOP_ANALYSIS = YES;
				CLANG_WARN_STRICT_PROTOTYPES = YES;
				CLANG_WARN_SUSPICIOUS_MOVE = YES;
				CLANG_WARN_UNGUARDED_AVAILABILITY = YES_AGGRESSIVE;
				CLANG_WARN_UNREACHABLE_CODE = YES;
				CLANG_WARN__DUPLICATE_METHOD_MATCH = YES;
				CODE_SIGN_IDENTITY = "iPhone Developer";
				COPY_PHASE_STRIP = NO;
				DEBUG_INFORMATION_FORMAT = "dwarf-with-dsym";
				ENABLE_NS_ASSERTIONS = NO;
				ENABLE_STRICT_OBJC_MSGSEND = YES;
				GCC_C_LANGUAGE_STANDARD = gnu11;
				GCC_NO_COMMON_BLOCKS = YES;
				GCC_WARN_64_TO_32_BIT_CONVERSION = YES;
				GCC_WARN_ABOUT_RETURN_TYPE = YES_ERROR;
				GCC_WARN_UNDECLARED_SELECTOR = YES;
				GCC_WARN_UNINITIALIZED_AUTOS = YES_AGGRESSIVE;
				GCC_WARN_UNUSED_FUNCTION = YES;
				GCC_WARN_UNUSED_VARIABLE = YES;
				IPHONEOS_DEPLOYMENT_TARGET = 11.3;
				MTL_ENABLE_DEBUG_INFO = NO;
				SDKROOT = iphoneos;
				VALIDATE_PRODUCT = YES;
			};
			name = Release;
		};
		1386EA5E20A8256700A8646A /* Debug */ = {
			isa = XCBuildConfiguration;
			buildSettings = {
				ASSETCATALOG_COMPILER_APPICON_NAME = AppIcon;
				CODE_SIGN_STYLE = Automatic;
				INFOPLIST_FILE = iOS_exercise11_1_quiz/Info.plist;
				LD_RUNPATH_SEARCH_PATHS = (
					"$(inherited)",
					"@executable_path/Frameworks",
				);
				PRODUCT_BUNDLE_IDENTIFIER = "jamesyeh.iOS-exercise11-1-quiz";
				PRODUCT_NAME = "$(TARGET_NAME)";
				TARGETED_DEVICE_FAMILY = "1,2";
			};
			name = Debug;
		};
		1386EA5F20A8256700A8646A /* Release */ = {
			isa = XCBuildConfiguration;
			buildSettings = {
				ASSETCATALOG_COMPILER_APPICON_NAME = AppIcon;
				CODE_SIGN_STYLE = Automatic;
				INFOPLIST_FILE = iOS_exercise11_1_quiz/Info.plist;
				LD_RUNPATH_SEARCH_PATHS = (
					"$(inherited)",
					"@executable_path/Frameworks",
				);
				PRODUCT_BUNDLE_IDENTIFIER = "jamesyeh.iOS-exercise11-1-quiz";
				PRODUCT_NAME = "$(TARGET_NAME)";
				TARGETED_DEVICE_FAMILY = "1,2";
			};
			name = Release;
		};
/* End XCBuildConfiguration section */

/* Begin XCConfigurationList section */
		1386EA4220A8256500A8646A /* Build configuration list for PBXProject "iOS_exercise11_1_quiz" */ = {
			isa = XCConfigurationList;
			buildConfigurations = (
				1386EA5B20A8256700A8646A /* Debug */,
				1386EA5C20A8256700A8646A /* Release */,
			);
			defaultConfigurationIsVisible = 0;
			defaultConfigurationName = Release;
		};
		1386EA5D20A8256700A8646A /* Build configuration list for PBXNativeTarget "iOS_exercise11_1_quiz" */ = {
			isa = XCConfigurationList;
			buildConfigurations = (
				1386EA5E20A8256700A8646A /* Debug */,
				1386EA5F20A8256700A8646A /* Release */,
			);
			defaultConfigurationIsVisible = 0;
			defaultConfigurationName = Release;
		};
/* End XCConfigurationList section */
	};
	rootObject = 1386EA3F20A8256500A8646A /* Project object */;
}
